
Microsoft Visual Studio Solution File, Format Version 12.00
# Visual Studio Version 16
VisualStudioVersion = 16.0.32630.194
MinimumVisualStudioVersion = 10.0.40219.1
Project("{FAE04EC0-301F-11D3-BF4B-00C04F79EFBC}") = "FileExtractor", "FileExtractor\FileExtractor.csproj", "{3909A2CA-039E-4E29-AFFC-84C5233480E4}"
EndProject
Global
	GlobalSection(SolutionConfigurationPlatforms) = preSolution
		Debug|Any CPU = Debug|Any CPU
		Release|Any CPU = Release|Any CPU
	EndGlobalSection
	GlobalSection(ProjectConfigurationPlatforms) = postSolution
		{3909A2CA-039E-4E29-AFFC-84C5233480E4}.Debug|Any CPU.ActiveCfg = Debug|Any CPU
		{3909A2CA-039E-4E29-AFFC-84C5233480E4}.Debug|Any CPU.Build.0 = Debug|Any CPU
		{3909A2CA-039E-4E29-AFFC-84C5233480E4}.Release|Any CPU.ActiveCfg = Release|Any CPU
		{3909A2CA-039E-4E29-AFFC-84C5233480E4}.Release|Any CPU.Build.0 = Release|Any CPU
	EndGlobalSection
	GlobalSection(SolutionProperties) = preSolution
		HideSolutionNode = FALSE
	EndGlobalSection
	GlobalSection(ExtensibilityGlobals) = postSolution
		SolutionGuid = {A3A18D44-C6CC-4732-9D73-B9135DA2B043}
	EndGlobalSection
EndGlobal
